
Microsoft Visual Studio Solution File, Format Version 12.00
# Visual Studio Version 16
VisualStudioVersion = 16.0.30907.101
MinimumVisualStudioVersion = 10.0.40219.1
Project("{FAE04EC0-301F-11D3-BF4B-00C04F79EFBC}") = "BackPropagation", "Gutomlearning\BackPropagation.csproj", "{3735A120-2B24-4CF5-B4D5-E02567B3449B}"
EndProject
Global
	GlobalSection(SolutionConfigurationPlatforms) = preSolution
		Debug|Any CPU = Debug|Any CPU
		Release|Any CPU = Release|Any CPU
	EndGlobalSection
	GlobalSection(ProjectConfigurationPlatforms) = postSolution
		{3735A120-2B24-4CF5-B4D5-E02567B3449B}.Debug|Any CPU.ActiveCfg = Debug|Any CPU
		{3735A120-2B24-4CF5-B4D5-E02567B3449B}.Debug|Any CPU.Build.0 = Debug|Any CPU
		{3735A120-2B24-4CF5-B4D5-E02567B3449B}.Release|Any CPU.ActiveCfg = Release|Any CPU
		{3735A120-2B24-4CF5-B4D5-E02567B3449B}.Release|Any CPU.Build.0 = Release|Any CPU
	EndGlobalSection
	GlobalSection(SolutionProperties) = preSolution
		HideSolutionNode = FALSE
	EndGlobalSection
	GlobalSection(ExtensibilityGlobals) = postSolution
		SolutionGuid = {5A5B70B2-F0BB-408A-AFA4-A15DC90A5A83}
	EndGlobalSection
EndGlobal
